
Microsoft Visual Studio Solution File, Format Version 12.00
# Visual Studio Version 17
VisualStudioVersion = 17.3.32922.545
MinimumVisualStudioVersion = 10.0.40219.1
Project("{9A19103F-16F7-4668-BE54-9A1E7A4F7556}") = "EfFinal_P05", "EfFinal_P05\EfFinal_P05.csproj", "{A9096595-CCB0-4F42-B71D-527E891E91C5}"
EndProject
Project("{2150E333-8FDC-42A3-9474-1A3956D46DE8}") = "Solution Items", "Solution Items", "{3667E072-3DD7-44CC-82B6-484CE8636DEE}"
	ProjectSection(SolutionItems) = preProject
		.editorconfig = .editorconfig
	EndProjectSection
EndProject
Global
	GlobalSection(SolutionConfigurationPlatforms) = preSolution
		Debug|Any CPU = Debug|Any CPU
		Release|Any CPU = Release|Any CPU
	EndGlobalSection
	GlobalSection(ProjectConfigurationPlatforms) = postSolution
		{A9096595-CCB0-4F42-B71D-527E891E91C5}.Debug|Any CPU.ActiveCfg = Debug|Any CPU
		{A9096595-CCB0-4F42-B71D-527E891E91C5}.Debug|Any CPU.Build.0 = Debug|Any CPU
		{A9096595-CCB0-4F42-B71D-527E891E91C5}.Release|Any CPU.ActiveCfg = Release|Any CPU
		{A9096595-CCB0-4F42-B71D-527E891E91C5}.Release|Any CPU.Build.0 = Release|Any CPU
	EndGlobalSection
	GlobalSection(SolutionProperties) = preSolution
		HideSolutionNode = FALSE
	EndGlobalSection
	GlobalSection(ExtensibilityGlobals) = postSolution
		SolutionGuid = {499B3D7E-ECB3-446E-B86B-77500D9412C2}
	EndGlobalSection
EndGlobal
